// !$*UTF8*$!
{
	archiveVersion = 1;
	classes = {
	};
	objectVersion = 90;
	objects = {

/* Begin PBXBuildFile section */
		642EE35E306B71B70064E5B8 /* .gitignore in Resources */ = {isa = PBXBuildFile; fileRef = 642EE35D306B71B70064E5B8 /* .gitignore */; };
		644714D7306B84B00051E8E5 /* Assets.swift in Sources */ = {isa = PBXBuildFile; fileRef = 644714D6306B84B00051E8E5 /* Assets.swift */; };
		644714F5306CAE730051E8E5 /* HomeTopView.swift in Sources */ = {isa = PBXBuildFile; fileRef = 644714F4306CAE610051E8E5 /* HomeTopView.swift */; };
		644714FC306CEB870051E8E5 /* TodayScheduleListSection.swift in Sources */ = {isa = PBXBuildFile; fileRef = 644714FB306CEB7D0051E8E5 /* TodayScheduleListSection.swift */; };
		644714FE306CEE860051E8E5 /* UpcomingScheduleListSection.swift in Sources */ = {isa = PBXBuildFile; fileRef = 644714FD306CEE7E0051E8E5 /* UpcomingScheduleListSection.swift */; };
		64471500306CF3AA0051E8E5 /* ToDoListSection.swift in Sources */ = {isa = PBXBuildFile; fileRef = 644714FF306CF3A30051E8E5 /* ToDoListSection.swift */; };
		64471508306CFA330051E8E5 /* QuickActionButton.swift in Sources */ = {isa = PBXBuildFile; fileRef = 64471507306CFA2E0051E8E5 /* QuickActionButton.swift */; };
		6447150D306CFC3B0051E8E5 /* QuickActionItem.swift in Sources */ = {isa = PBXBuildFile; fileRef = 6447150C306CFC290051E8E5 /* QuickActionItem.swift */; };
		6447151C306D0E050051E8E5 /* AppHeaderView.swift in Sources */ = {isa = PBXBuildFile; fileRef = 64471514306D0E050051E8E5 /* AppHeaderView.swift */; };
		649D9CE0306D18730070CCA7 /* TabBarView.swift in Sources */ = {isa = PBXBuildFile; fileRef = 649D9CDD306D18730070CCA7 /* TabBarView.swift */; };
		649D9CE1306D18730070CCA7 /* AppTab.swift in Sources */ = {isa = PBXBuildFile; fileRef = 649D9CDE306D18730070CCA7 /* AppTab.swift */; };
		64A93436307555FC00A91CF2 /* AppTabView.swift in Sources */ = {isa = PBXBuildFile; fileRef = 64A93433307555FC00A91CF2 /* AppTabView.swift */; };
		64A93437307555FC00A91CF2 /* ShukatsuLogApp.swift in Sources */ = {isa = PBXBuildFile; fileRef = 64A93434307555FC00A91CF2 /* ShukatsuLogApp.swift */; };
		64A934523075589700A91CF2 /* AppRoute.swift in Sources */ = {isa = PBXBuildFile; fileRef = 64A934513075589200A91CF2 /* AppRoute.swift */; };
		64A934543075589D00A91CF2 /* AppRouter.swift in Sources */ = {isa = PBXBuildFile; fileRef = 64A934533075589A00A91CF2 /* AppRouter.swift */; };
		64A93457307558D200A91CF2 /* AppRootView.swift in Sources */ = {isa = PBXBuildFile; fileRef = 64A93456307558CD00A91CF2 /* AppRootView.swift */; };
		64A9346F3077494C00A91CF2 /* HomeHeaderView.swift in Sources */ = {isa = PBXBuildFile; fileRef = 64A9346E3077494100A91CF2 /* HomeHeaderView.swift */; };
		64A934713077495700A91CF2 /* HomeTopViewModel.swift in Sources */ = {isa = PBXBuildFile; fileRef = 64A934703077494F00A91CF2 /* HomeTopViewModel.swift */; };
		64A934733077496400A91CF2 /* HomeTopRoute.swift in Sources */ = {isa = PBXBuildFile; fileRef = 64A934723077495C00A91CF2 /* HomeTopRoute.swift */; };
		64A934753077497500A91CF2 /* CompanyTopScreen.swift in Sources */ = {isa = PBXBuildFile; fileRef = 64A934743077497000A91CF2 /* CompanyTopScreen.swift */; };
		64A934773077497F00A91CF2 /* CompanyCreateSheet.swift in Sources */ = {isa = PBXBuildFile; fileRef = 64A934763077497900A91CF2 /* CompanyCreateSheet.swift */; };
		64A934793077498200A91CF2 /* CompanyBasicInfoSection.swift in Sources */ = {isa = PBXBuildFile; fileRef = 64A934783077498200A91CF2 /* CompanyBasicInfoSection.swift */; };
		64A9347B307749A300A91CF2 /* CompanyHeaderView.swift in Sources */ = {isa = PBXBuildFile; fileRef = 64A9347A3077499900A91CF2 /* CompanyHeaderView.swift */; };
		64A9347D307749B000A91CF2 /* CompanyTopViewModel.swift in Sources */ = {isa = PBXBuildFile; fileRef = 64A9347C307749A700A91CF2 /* CompanyTopViewModel.swift */; };
		64A9347F307749B200A91CF2 /* CompanyTopRoute.swift in Sources */ = {isa = PBXBuildFile; fileRef = 64A9347E307749B200A91CF2 /* CompanyTopRoute.swift */; };
		64A93481307749D100A91CF2 /* ScheduleTopScreen.swift in Sources */ = {isa = PBXBuildFile; fileRef = 64A93480307749C700A91CF2 /* ScheduleTopScreen.swift */; };
		64A93483307749DD00A91CF2 /* ScheduleCreateSheet.swift in Sources */ = {isa = PBXBuildFile; fileRef = 64A93482307749D500A91CF2 /* ScheduleCreateSheet.swift */; };
		64A93485307749ED00A91CF2 /* ScheduleListSection.swift in Sources */ = {isa = PBXBuildFile; fileRef = 64A93484307749E100A91CF2 /* ScheduleListSection.swift */; };
		64A93487307749FB00A91CF2 /* ScheduleHeaderView.swift in Sources */ = {isa = PBXBuildFile; fileRef = 64A93486307749F000A91CF2 /* ScheduleHeaderView.swift */; };
		64A9348930774A0600A91CF2 /* ScheduleTopViewModel.swift in Sources */ = {isa = PBXBuildFile; fileRef = 64A93488307749FE00A91CF2 /* ScheduleTopViewModel.swift */; };
		64A9348B30774A1000A91CF2 /* ScheduleTopRoute.swift in Sources */ = {isa = PBXBuildFile; fileRef = 64A9348A30774A0A00A91CF2 /* ScheduleTopRoute.swift */; };
		64A9348D30774A1C00A91CF2 /* SelectionTopScreen.swift in Sources */ = {isa = PBXBuildFile; fileRef = 64A9348C30774A1500A91CF2 /* SelectionTopScreen.swift */; };
		64A9348F30774A2C00A91CF2 /* SelectionCreateSheet.swift in Sources */ = {isa = PBXBuildFile; fileRef = 64A9348E30774A1F00A91CF2 /* SelectionCreateSheet.swift */; };
		64A9349130774A3F00A91CF2 /* SelectionProgressSummarySection.swift in Sources */ = {isa = PBXBuildFile; fileRef = 64A9349030774A3000A91CF2 /* SelectionProgressSummarySection.swift */; };
		64A9349330774A4C00A91CF2 /* SelectionStatusFilterView.swift in Sources */ = {isa = PBXBuildFile; fileRef = 64A9349230774A4300A91CF2 /* SelectionStatusFilterView.swift */; };
		64A9349530774A5100A91CF2 /* SelectionTopViewModel.swift in Sources */ = {isa = PBXBuildFile; fileRef = 64A9349430774A5000A91CF2 /* SelectionTopViewModel.swift */; };
		64A9349730774A6400A91CF2 /* SelectionTopRoute.swift in Sources */ = {isa = PBXBuildFile; fileRef = 64A9349630774A6000A91CF2 /* SelectionTopRoute.swift */; };
		64A9349930776D7B00A91CF2 /* MyPageTopScreen.swift in Sources */ = {isa = PBXBuildFile; fileRef = 64A9349830776D6F00A91CF2 /* MyPageTopScreen.swift */; };
		64A9349B30776D8600A91CF2 /* ProfiledEditSheet.swift in Sources */ = {isa = PBXBuildFile; fileRef = 64A9349A30776D7E00A91CF2 /* ProfiledEditSheet.swift */; };
		64A9349D30776D9300A91CF2 /* ProfileSummarySection.swift in Sources */ = {isa = PBXBuildFile; fileRef = 64A9349C30776D8B00A91CF2 /* ProfileSummarySection.swift */; };
		64A9349F30776DA000A91CF2 /* MyPageHeaderView.swift in Sources */ = {isa = PBXBuildFile; fileRef = 64A9349E30776D9800A91CF2 /* MyPageHeaderView.swift */; };
		64A934A130776ED000A91CF2 /* MyPageTopViewModel.swift in Sources */ = {isa = PBXBuildFile; fileRef = 64A934A030776EC900A91CF2 /* MyPageTopViewModel.swift */; };
		64A934A330776ED900A91CF2 /* MyPageTopRoute.swift in Sources */ = {isa = PBXBuildFile; fileRef = 64A934A230776ED400A91CF2 /* MyPageTopRoute.swift */; };
		64A934A530776EFD00A91CF2 /* AppTheme.swift in Sources */ = {isa = PBXBuildFile; fileRef = 64A934A430776EF900A91CF2 /* AppTheme.swift */; };
		64A934A73077745400A91CF2 /* HomeTopQuickActionButtonSection.swift in Sources */ = {isa = PBXBuildFile; fileRef = 64A934A63077744400A91CF2 /* HomeTopQuickActionButtonSection.swift */; };
		64A934A9307784D500A91CF2 /* TodayScheduleScreen.swift in Sources */ = {isa = PBXBuildFile; fileRef = 64A934A8307784C300A91CF2 /* TodayScheduleScreen.swift */; };
		64A934AB307784E800A91CF2 /* UpcomingScheduleScreen.swift in Sources */ = {isa = PBXBuildFile; fileRef = 64A934AA307784D800A91CF2 /* UpcomingScheduleScreen.swift */; };
		64A934AD307784FB00A91CF2 /* WeeklyScheduleScreen.swift in Sources */ = {isa = PBXBuildFile; fileRef = 64A934AC307784EC00A91CF2 /* WeeklyScheduleScreen.swift */; };
		64C5C553306B7AE40072D71A /* Assets.xcassets in Resources */ = {isa = PBXBuildFile; fileRef = 64C5C552306B7AE40072D71A /* Assets.xcassets */; };
		64C5C55F306B82860072D71A /* Image+Asset.swift in Sources */ = {isa = PBXBuildFile; fileRef = 64C5C555306B82860072D71A /* Image+Asset.swift */; };
		64C5C563306B82A60072D71A /* Color+Asset.swift in Sources */ = {isa = PBXBuildFile; fileRef = 64C5C562306B82A10072D71A /* Color+Asset.swift */; };
		64C5C565306B83990072D71A /* swiftgen.yml in Resources */ = {isa = PBXBuildFile; fileRef = 64C5C564306B838C0072D71A /* swiftgen.yml */; };
/* End PBXBuildFile section */

/* Begin PBXFileReference section */
		642EE35D306B71B70064E5B8 /* .gitignore */ = {isa = PBXFileReference; lastKnownFileType = text; path = .gitignore; sourceTree = "<group>"; };
		644714D6306B84B00051E8E5 /* Assets.swift */ = {isa = PBXFileReference; lastKnownFileType = sourcecode.swift; path = Assets.swift; sourceTree = "<group>"; };
		644714F4306CAE610051E8E5 /* HomeTopView.swift */ = {isa = PBXFileReference; lastKnownFileType = sourcecode.swift; path = HomeTopView.swift; sourceTree = "<group>"; };
		644714FB306CEB7D0051E8E5 /* TodayScheduleListSection.swift */ = {isa = PBXFileReference; lastKnownFileType = sourcecode.swift; path = TodayScheduleListSection.swift; sourceTree = "<group>"; };
		644714FD306CEE7E0051E8E5 /* UpcomingScheduleListSection.swift */ = {isa = PBXFileReference; lastKnownFileType = sourcecode.swift; path = UpcomingScheduleListSection.swift; sourceTree = "<group>"; };
		644714FF306CF3A30051E8E5 /* ToDoListSection.swift */ = {isa = PBXFileReference; lastKnownFileType = sourcecode.swift; path = ToDoListSection.swift; sourceTree = "<group>"; };
		64471507306CFA2E0051E8E5 /* QuickActionButton.swift */ = {isa = PBXFileReference; lastKnownFileType = sourcecode.swift; path = QuickActionButton.swift; sourceTree = "<group>"; };
		6447150C306CFC290051E8E5 /* QuickActionItem.swift */ = {isa = PBXFileReference; lastKnownFileType = sourcecode.swift; path = QuickActionItem.swift; sourceTree = "<group>"; };
		64471514306D0E050051E8E5 /* AppHeaderView.swift */ = {isa = PBXFileReference; lastKnownFileType = sourcecode.swift; path = AppHeaderView.swift; sourceTree = "<group>"; };
		649D9CDD306D18730070CCA7 /* TabBarView.swift */ = {isa = PBXFileReference; lastKnownFileType = sourcecode.swift; path = TabBarView.swift; sourceTree = "<group>"; };
		649D9CDE306D18730070CCA7 /* AppTab.swift */ = {isa = PBXFileReference; lastKnownFileType = sourcecode.swift; path = AppTab.swift; sourceTree = "<group>"; };
		64A93433307555FC00A91CF2 /* AppTabView.swift */ = {isa = PBXFileReference; lastKnownFileType = sourcecode.swift; path = AppTabView.swift; sourceTree = "<group>"; };
		64A93434307555FC00A91CF2 /* ShukatsuLogApp.swift */ = {isa = PBXFileReference; lastKnownFileType = sourcecode.swift; path = ShukatsuLogApp.swift; sourceTree = "<group>"; };
		64A934513075589200A91CF2 /* AppRoute.swift */ = {isa = PBXFileReference; lastKnownFileType = sourcecode.swift; path = AppRoute.swift; sourceTree = "<group>"; };
		64A934533075589A00A91CF2 /* AppRouter.swift */ = {isa = PBXFileReference; lastKnownFileType = sourcecode.swift; path = AppRouter.swift; sourceTree = "<group>"; };
		64A93456307558CD00A91CF2 /* AppRootView.swift */ = {isa = PBXFileReference; lastKnownFileType = sourcecode.swift; path = AppRootView.swift; sourceTree = "<group>"; };
		64A9346E3077494100A91CF2 /* HomeHeaderView.swift */ = {isa = PBXFileReference; lastKnownFileType = sourcecode.swift; path = HomeHeaderView.swift; sourceTree = "<group>"; };
		64A934703077494F00A91CF2 /* HomeTopViewModel.swift */ = {isa = PBXFileReference; lastKnownFileType = sourcecode.swift; path = HomeTopViewModel.swift; sourceTree = "<group>"; };
		64A934723077495C00A91CF2 /* HomeTopRoute.swift */ = {isa = PBXFileReference; lastKnownFileType = sourcecode.swift; path = HomeTopRoute.swift; sourceTree = "<group>"; };
		64A934743077497000A91CF2 /* CompanyTopScreen.swift */ = {isa = PBXFileReference; lastKnownFileType = sourcecode.swift; path = CompanyTopScreen.swift; sourceTree = "<group>"; };
		64A934763077497900A91CF2 /* CompanyCreateSheet.swift */ = {isa = PBXFileReference; lastKnownFileType = sourcecode.swift; path = CompanyCreateSheet.swift; sourceTree = "<group>"; };
		64A934783077498200A91CF2 /* CompanyBasicInfoSection.swift */ = {isa = PBXFileReference; lastKnownFileType = sourcecode.swift; path = CompanyBasicInfoSection.swift; sourceTree = "<group>"; };
		64A9347A3077499900A91CF2 /* CompanyHeaderView.swift */ = {isa = PBXFileReference; lastKnownFileType = sourcecode.swift; path = CompanyHeaderView.swift; sourceTree = "<group>"; };
		64A9347C307749A700A91CF2 /* CompanyTopViewModel.swift */ = {isa = PBXFileReference; lastKnownFileType = sourcecode.swift; path = CompanyTopViewModel.swift; sourceTree = "<group>"; };
		64A9347E307749B200A91CF2 /* CompanyTopRoute.swift */ = {isa = PBXFileReference; lastKnownFileType = sourcecode.swift; path = CompanyTopRoute.swift; sourceTree = "<group>"; };
		64A93480307749C700A91CF2 /* ScheduleTopScreen.swift */ = {isa = PBXFileReference; lastKnownFileType = sourcecode.swift; path = ScheduleTopScreen.swift; sourceTree = "<group>"; };
		64A93482307749D500A91CF2 /* ScheduleCreateSheet.swift */ = {isa = PBXFileReference; lastKnownFileType = sourcecode.swift; path = ScheduleCreateSheet.swift; sourceTree = "<group>"; };
		64A93484307749E100A91CF2 /* ScheduleListSection.swift */ = {isa = PBXFileReference; lastKnownFileType = sourcecode.swift; path = ScheduleListSection.swift; sourceTree = "<group>"; };
		64A93486307749F000A91CF2 /* ScheduleHeaderView.swift */ = {isa = PBXFileReference; lastKnownFileType = sourcecode.swift; path = ScheduleHeaderView.swift; sourceTree = "<group>"; };
		64A93488307749FE00A91CF2 /* ScheduleTopViewModel.swift */ = {isa = PBXFileReference; lastKnownFileType = sourcecode.swift; path = ScheduleTopViewModel.swift; sourceTree = "<group>"; };
		64A9348A30774A0A00A91CF2 /* ScheduleTopRoute.swift */ = {isa = PBXFileReference; lastKnownFileType = sourcecode.swift; path = ScheduleTopRoute.swift; sourceTree = "<group>"; };
		64A9348C30774A1500A91CF2 /* SelectionTopScreen.swift */ = {isa = PBXFileReference; lastKnownFileType = sourcecode.swift; path = SelectionTopScreen.swift; sourceTree = "<group>"; };
		64A9348E30774A1F00A91CF2 /* SelectionCreateSheet.swift */ = {isa = PBXFileReference; lastKnownFileType = sourcecode.swift; path = SelectionCreateSheet.swift; sourceTree = "<group>"; };
		64A9349030774A3000A91CF2 /* SelectionProgressSummarySection.swift */ = {isa = PBXFileReference; lastKnownFileType = sourcecode.swift; path = SelectionProgressSummarySection.swift; sourceTree = "<group>"; };
		64A9349230774A4300A91CF2 /* SelectionStatusFilterView.swift */ = {isa = PBXFileReference; lastKnownFileType = sourcecode.swift; path = SelectionStatusFilterView.swift; sourceTree = "<group>"; };
		64A9349430774A5000A91CF2 /* SelectionTopViewModel.swift */ = {isa = PBXFileReference; lastKnownFileType = sourcecode.swift; path = SelectionTopViewModel.swift; sourceTree = "<group>"; };
		64A9349630774A6000A91CF2 /* SelectionTopRoute.swift */ = {isa = PBXFileReference; lastKnownFileType = sourcecode.swift; path = SelectionTopRoute.swift; sourceTree = "<group>"; };
		64A9349830776D6F00A91CF2 /* MyPageTopScreen.swift */ = {isa = PBXFileReference; lastKnownFileType = sourcecode.swift; path = MyPageTopScreen.swift; sourceTree = "<group>"; };
		64A9349A30776D7E00A91CF2 /* ProfiledEditSheet.swift */ = {isa = PBXFileReference; lastKnownFileType = sourcecode.swift; path = ProfiledEditSheet.swift; sourceTree = "<group>"; };
		64A9349C30776D8B00A91CF2 /* ProfileSummarySection.swift */ = {isa = PBXFileReference; lastKnownFileType = sourcecode.swift; path = ProfileSummarySection.swift; sourceTree = "<group>"; };
		64A9349E30776D9800A91CF2 /* MyPageHeaderView.swift */ = {isa = PBXFileReference; lastKnownFileType = sourcecode.swift; path = MyPageHeaderView.swift; sourceTree = "<group>"; };
		64A934A030776EC900A91CF2 /* MyPageTopViewModel.swift */ = {isa = PBXFileReference; lastKnownFileType = sourcecode.swift; path = MyPageTopViewModel.swift; sourceTree = "<group>"; };
		64A934A230776ED400A91CF2 /* MyPageTopRoute.swift */ = {isa = PBXFileReference; lastKnownFileType = sourcecode.swift; path = MyPageTopRoute.swift; sourceTree = "<group>"; };
		64A934A430776EF900A91CF2 /* AppTheme.swift */ = {isa = PBXFileReference; lastKnownFileType = sourcecode.swift; path = AppTheme.swift; sourceTree = "<group>"; };
		64A934A63077744400A91CF2 /* HomeTopQuickActionButtonSection.swift */ = {isa = PBXFileReference; lastKnownFileType = sourcecode.swift; path = HomeTopQuickActionButtonSection.swift; sourceTree = "<group>"; };
		64A934A8307784C300A91CF2 /* TodayScheduleScreen.swift */ = {isa = PBXFileReference; lastKnownFileType = sourcecode.swift; path = TodayScheduleScreen.swift; sourceTree = "<group>"; };
		64A934AA307784D800A91CF2 /* UpcomingScheduleScreen.swift */ = {isa = PBXFileReference; lastKnownFileType = sourcecode.swift; path = UpcomingScheduleScreen.swift; sourceTree = "<group>"; };
		64A934AC307784EC00A91CF2 /* WeeklyScheduleScreen.swift */ = {isa = PBXFileReference; lastKnownFileType = sourcecode.swift; path = WeeklyScheduleScreen.swift; sourceTree = "<group>"; };
		64C5C552306B7AE40072D71A /* Assets.xcassets */ = {isa = PBXFileReference; lastKnownFileType = folder.assetcatalog; path = Assets.xcassets; sourceTree = "<group>"; };
		64C5C554306B7B580072D71A /* shukatsulog-app-ios.app */ = {isa = PBXFileReference; explicitFileType = wrapper.application; includeInIndex = 0; path = "shukatsulog-app-ios.app"; sourceTree = BUILT_PRODUCTS_DIR; };
		64C5C555306B82860072D71A /* Image+Asset.swift */ = {isa = PBXFileReference; lastKnownFileType = sourcecode.swift; path = "Image+Asset.swift"; sourceTree = "<group>"; };
		64C5C562306B82A10072D71A /* Color+Asset.swift */ = {isa = PBXFileReference; lastKnownFileType = sourcecode.swift; path = "Color+Asset.swift"; sourceTree = "<group>"; };
		64C5C564306B838C0072D71A /* swiftgen.yml */ = {isa = PBXFileReference; lastKnownFileType = text.yaml; path = swiftgen.yml; sourceTree = "<group>"; };
/* End PBXFileReference section */

/* Begin PBXFrameworksBuildPhase section */
		000000000000000130000000 /* Frameworks */ = {
			isa = PBXFrameworksBuildPhase;
			files = (
			);
		};
/* End PBXFrameworksBuildPhase section */

/* Begin PBXGroup section */
		000000000000000000000001 = {
			isa = PBXGroup;
			children = (
				64A93435307555FC00A91CF2 /* App */,
				64A9344C307556C700A91CF2 /* Core */,
				64C5C55D306B82860072D71A /* Shared */,
				644714F2306CADB10051E8E5 /* Feature */,
				644714D4306B83FD0051E8E5 /* Resources */,
				642EE35D306B71B70064E5B8 /* .gitignore */,
				64C5C564306B838C0072D71A /* swiftgen.yml */,
				64C5C554306B7B580072D71A /* shukatsulog-app-ios.app */,
			);
			sourceTree = "<group>";
		};
		644714D4306B83FD0051E8E5 /* Resources */ = {
			isa = PBXGroup;
			children = (
				64C5C552306B7AE40072D71A /* Assets.xcassets */,
				644714D5306B84950051E8E5 /* Generated */,
			);
			path = Resources;
			sourceTree = "<group>";
		};
		644714D5306B84950051E8E5 /* Generated */ = {
			isa = PBXGroup;
			children = (
				644714D6306B84B00051E8E5 /* Assets.swift */,
			);
			path = Generated;
			sourceTree = "<group>";
		};
		644714F1306CADB10051E8E5 /* Home */ = {
			isa = PBXGroup;
			children = (
				64A934263075542F00A91CF2 /* Screens */,
				64A934273075543600A91CF2 /* Sections */,
				644714FA306CEB720051E8E5 /* Components */,
				644714F3306CAE5B0051E8E5 /* ViewsModels */,
				64A934283075553E00A91CF2 /* Navigation */,
			);
			path = Home;
			sourceTree = "<group>";
		};
		644714F2306CADB10051E8E5 /* Feature */ = {
			isa = PBXGroup;
			children = (
				644714F1306CADB10051E8E5 /* Home */,
				64A934293075557000A91CF2 /* Company */,
				64A93432307555E800A91CF2 /* Schedule */,
				64A9343E3075563500A91CF2 /* Selection */,
				64A934453075566D00A91CF2 /* MyPage */,
			);
			path = Feature;
			sourceTree = "<group>";
		};
		644714F3306CAE5B0051E8E5 /* ViewsModels */ = {
			isa = PBXGroup;
			children = (
				64A934703077494F00A91CF2 /* HomeTopViewModel.swift */,
			);
			path = ViewsModels;
			sourceTree = "<group>";
		};
		644714FA306CEB720051E8E5 /* Components */ = {
			isa = PBXGroup;
			children = (
				64A9346E3077494100A91CF2 /* HomeHeaderView.swift */,
			);
			path = Components;
			sourceTree = "<group>";
		};
		64471509306CFBA70051E8E5 /* QuickActionButton */ = {
			isa = PBXGroup;
			children = (
				6447150C306CFC290051E8E5 /* QuickActionItem.swift */,
				64471507306CFA2E0051E8E5 /* QuickActionButton.swift */,
			);
			path = QuickActionButton;
			sourceTree = "<group>";
		};
		64471515306D0E050051E8E5 /* Header */ = {
			isa = PBXGroup;
			children = (
				64471514306D0E050051E8E5 /* AppHeaderView.swift */,
			);
			path = Header;
			sourceTree = "<group>";
		};
		64471519306D0E050051E8E5 /* Components */ = {
			isa = PBXGroup;
			children = (
				64471515306D0E050051E8E5 /* Header */,
				649D9CDF306D18730070CCA7 /* TabBar */,
				64471509306CFBA70051E8E5 /* QuickActionButton */,
				64A9344E307556F500A91CF2 /* States */,
			);
			path = Components;
			sourceTree = "<group>";
		};
		649D9CDF306D18730070CCA7 /* TabBar */ = {
			isa = PBXGroup;
			children = (
				649D9CDD306D18730070CCA7 /* TabBarView.swift */,
			);
			path = TabBar;
			sourceTree = "<group>";
		};
		64A934263075542F00A91CF2 /* Screens */ = {
			isa = PBXGroup;
			children = (
				64A934AC307784EC00A91CF2 /* WeeklyScheduleScreen.swift */,
				64A934AA307784D800A91CF2 /* UpcomingScheduleScreen.swift */,
				64A934A8307784C300A91CF2 /* TodayScheduleScreen.swift */,
				644714F4306CAE610051E8E5 /* HomeTopView.swift */,
			);
			path = Screens;
			sourceTree = "<group>";
		};
		64A934273075543600A91CF2 /* Sections */ = {
			isa = PBXGroup;
			children = (
				64A934A63077744400A91CF2 /* HomeTopQuickActionButtonSection.swift */,
				644714FF306CF3A30051E8E5 /* ToDoListSection.swift */,
				644714FD306CEE7E0051E8E5 /* UpcomingScheduleListSection.swift */,
				644714FB306CEB7D0051E8E5 /* TodayScheduleListSection.swift */,
			);
			path = Sections;
			sourceTree = "<group>";
		};
		64A934283075553E00A91CF2 /* Navigation */ = {
			isa = PBXGroup;
			children = (
				64A934723077495C00A91CF2 /* HomeTopRoute.swift */,
			);
			path = Navigation;
			sourceTree = "<group>";
		};
		64A934293075557000A91CF2 /* Company */ = {
			isa = PBXGroup;
			children = (
				64A93431307555C300A91CF2 /* Screens */,
				64A93430307555BF00A91CF2 /* Sheets */,
				64A9342F307555B700A91CF2 /* Sections */,
				64A9342E307555B100A91CF2 /* Components */,
				64A9342D307555A800A91CF2 /* ViewModels */,
				64A9342C307555A200A91CF2 /* Navigation */,
			);
			path = Company;
			sourceTree = "<group>";
		};
		64A9342C307555A200A91CF2 /* Navigation */ = {
			isa = PBXGroup;
			children = (
				64A9347E307749B200A91CF2 /* CompanyTopRoute.swift */,
			);
			path = Navigation;
			sourceTree = "<group>";
		};
		64A9342D307555A800A91CF2 /* ViewModels */ = {
			isa = PBXGroup;
			children = (
				64A9347C307749A700A91CF2 /* CompanyTopViewModel.swift */,
			);
			path = ViewModels;
			sourceTree = "<group>";
		};
		64A9342E307555B100A91CF2 /* Components */ = {
			isa = PBXGroup;
			children = (
				64A9347A3077499900A91CF2 /* CompanyHeaderView.swift */,
			);
			path = Components;
			sourceTree = "<group>";
		};
		64A9342F307555B700A91CF2 /* Sections */ = {
			isa = PBXGroup;
			children = (
				64A934783077498200A91CF2 /* CompanyBasicInfoSection.swift */,
			);
			path = Sections;
			sourceTree = "<group>";
		};
		64A93430307555BF00A91CF2 /* Sheets */ = {
			isa = PBXGroup;
			children = (
				64A934763077497900A91CF2 /* CompanyCreateSheet.swift */,
			);
			path = Sheets;
			sourceTree = "<group>";
		};
		64A93431307555C300A91CF2 /* Screens */ = {
			isa = PBXGroup;
			children = (
				64A934743077497000A91CF2 /* CompanyTopScreen.swift */,
			);
			path = Screens;
			sourceTree = "<group>";
		};
		64A93432307555E800A91CF2 /* Schedule */ = {
			isa = PBXGroup;
			children = (
				64A9343D3075562C00A91CF2 /* Screens */,
				64A9343C3075562600A91CF2 /* Sheets */,
				64A9343B3075561F00A91CF2 /* Sections */,
				64A9343A3075561800A91CF2 /* Components */,
				64A934393075561200A91CF2 /* ViewModels */,
				64A934383075560C00A91CF2 /* Navigation */,
			);
			path = Schedule;
			sourceTree = "<group>";
		};
		64A93435307555FC00A91CF2 /* App */ = {
			isa = PBXGroup;
			children = (
				64A93434307555FC00A91CF2 /* ShukatsuLogApp.swift */,
				64A934503075571F00A91CF2 /* Navigation */,
				64A93455307558B400A91CF2 /* Views */,
			);
			path = App;
			sourceTree = "<group>";
		};
		64A934383075560C00A91CF2 /* Navigation */ = {
			isa = PBXGroup;
			children = (
				64A9348A30774A0A00A91CF2 /* ScheduleTopRoute.swift */,
			);
			path = Navigation;
			sourceTree = "<group>";
		};
		64A934393075561200A91CF2 /* ViewModels */ = {
			isa = PBXGroup;
			children = (
				64A93488307749FE00A91CF2 /* ScheduleTopViewModel.swift */,
			);
			path = ViewModels;
			sourceTree = "<group>";
		};
		64A9343A3075561800A91CF2 /* Components */ = {
			isa = PBXGroup;
			children = (
				64A93486307749F000A91CF2 /* ScheduleHeaderView.swift */,
			);
			path = Components;
			sourceTree = "<group>";
		};
		64A9343B3075561F00A91CF2 /* Sections */ = {
			isa = PBXGroup;
			children = (
				64A93484307749E100A91CF2 /* ScheduleListSection.swift */,
			);
			path = Sections;
			sourceTree = "<group>";
		};
		64A9343C3075562600A91CF2 /* Sheets */ = {
			isa = PBXGroup;
			children = (
				64A93482307749D500A91CF2 /* ScheduleCreateSheet.swift */,
			);
			path = Sheets;
			sourceTree = "<group>";
		};
		64A9343D3075562C00A91CF2 /* Screens */ = {
			isa = PBXGroup;
			children = (
				64A93480307749C700A91CF2 /* ScheduleTopScreen.swift */,
			);
			path = Screens;
			sourceTree = "<group>";
		};
		64A9343E3075563500A91CF2 /* Selection */ = {
			isa = PBXGroup;
			children = (
				64A934443075566400A91CF2 /* Screens */,
				64A934433075565F00A91CF2 /* Sheets */,
				64A934423075565900A91CF2 /* Sections */,
				64A934413075565400A91CF2 /* Components */,
				64A934403075564D00A91CF2 /* ViewModels */,
				64A9343F3075564400A91CF2 /* Navigation */,
			);
			path = Selection;
			sourceTree = "<group>";
		};
		64A9343F3075564400A91CF2 /* Navigation */ = {
			isa = PBXGroup;
			children = (
				64A9349630774A6000A91CF2 /* SelectionTopRoute.swift */,
			);
			path = Navigation;
			sourceTree = "<group>";
		};
		64A934403075564D00A91CF2 /* ViewModels */ = {
			isa = PBXGroup;
			children = (
				64A9349430774A5000A91CF2 /* SelectionTopViewModel.swift */,
			);
			path = ViewModels;
			sourceTree = "<group>";
		};
		64A934413075565400A91CF2 /* Components */ = {
			isa = PBXGroup;
			children = (
				64A9349230774A4300A91CF2 /* SelectionStatusFilterView.swift */,
			);
			path = Components;
			sourceTree = "<group>";
		};
		64A934423075565900A91CF2 /* Sections */ = {
			isa = PBXGroup;
			children = (
				64A9349030774A3000A91CF2 /* SelectionProgressSummarySection.swift */,
			);
			path = Sections;
			sourceTree = "<group>";
		};
		64A934433075565F00A91CF2 /* Sheets */ = {
			isa = PBXGroup;
			children = (
				64A9348E30774A1F00A91CF2 /* SelectionCreateSheet.swift */,
			);
			path = Sheets;
			sourceTree = "<group>";
		};
		64A934443075566400A91CF2 /* Screens */ = {
			isa = PBXGroup;
			children = (
				64A9348C30774A1500A91CF2 /* SelectionTopScreen.swift */,
			);
			path = Screens;
			sourceTree = "<group>";
		};
		64A934453075566D00A91CF2 /* MyPage */ = {
			isa = PBXGroup;
			children = (
				64A9344B307556A800A91CF2 /* Screens */,
				64A9344A307556A100A91CF2 /* Sheets */,
				64A934493075569A00A91CF2 /* Sections */,
				64A934483075569500A91CF2 /* Components */,
				64A934473075569000A91CF2 /* ViewModels */,
				64A934463075568A00A91CF2 /* Navigation */,
			);
			path = MyPage;
			sourceTree = "<group>";
		};
		64A934463075568A00A91CF2 /* Navigation */ = {
			isa = PBXGroup;
			children = (
				64A934A230776ED400A91CF2 /* MyPageTopRoute.swift */,
			);
			path = Navigation;
			sourceTree = "<group>";
		};
		64A934473075569000A91CF2 /* ViewModels */ = {
			isa = PBXGroup;
			children = (
				64A934A030776EC900A91CF2 /* MyPageTopViewModel.swift */,
			);
			path = ViewModels;
			sourceTree = "<group>";
		};
		64A934483075569500A91CF2 /* Components */ = {
			isa = PBXGroup;
			children = (
				64A9349E30776D9800A91CF2 /* MyPageHeaderView.swift */,
			);
			path = Components;
			sourceTree = "<group>";
		};
		64A934493075569A00A91CF2 /* Sections */ = {
			isa = PBXGroup;
			children = (
				64A9349C30776D8B00A91CF2 /* ProfileSummarySection.swift */,
			);
			path = Sections;
			sourceTree = "<group>";
		};
		64A9344A307556A100A91CF2 /* Sheets */ = {
			isa = PBXGroup;
			children = (
				64A9349A30776D7E00A91CF2 /* ProfiledEditSheet.swift */,
			);
			path = Sheets;
			sourceTree = "<group>";
		};
		64A9344B307556A800A91CF2 /* Screens */ = {
			isa = PBXGroup;
			children = (
				64A9349830776D6F00A91CF2 /* MyPageTopScreen.swift */,
			);
			path = Screens;
			sourceTree = "<group>";
		};
		64A9344C307556C700A91CF2 /* Core */ = {
			isa = PBXGroup;
			children = (
				64A9344D307556D200A91CF2 /* Theme */,
				64C5C556306B82860072D71A /* Extensions */,
			);
			path = Core;
			sourceTree = "<group>";
		};
		64A9344D307556D200A91CF2 /* Theme */ = {
			isa = PBXGroup;
			children = (
				64A934A430776EF900A91CF2 /* AppTheme.swift */,
			);
			path = Theme;
			sourceTree = "<group>";
		};
		64A9344E307556F500A91CF2 /* States */ = {
			isa = PBXGroup;
			children = (
			);
			path = States;
			sourceTree = "<group>";
		};
		64A9344F3075570400A91CF2 /* Navigation */ = {
			isa = PBXGroup;
			children = (
			);
			path = Navigation;
			sourceTree = "<group>";
		};
		64A934503075571F00A91CF2 /* Navigation */ = {
			isa = PBXGroup;
			children = (
				64A934533075589A00A91CF2 /* AppRouter.swift */,
				64A934513075589200A91CF2 /* AppRoute.swift */,
				649D9CDE306D18730070CCA7 /* AppTab.swift */,
			);
			path = Navigation;
			sourceTree = "<group>";
		};
		64A93455307558B400A91CF2 /* Views */ = {
			isa = PBXGroup;
			children = (
				64A93456307558CD00A91CF2 /* AppRootView.swift */,
				64A93433307555FC00A91CF2 /* AppTabView.swift */,
			);
			path = Views;
			sourceTree = "<group>";
		};
		64C5C556306B82860072D71A /* Extensions */ = {
			isa = PBXGroup;
			children = (
				64C5C562306B82A10072D71A /* Color+Asset.swift */,
				64C5C555306B82860072D71A /* Image+Asset.swift */,
			);
			path = Extensions;
			sourceTree = "<group>";
		};
		64C5C55D306B82860072D71A /* Shared */ = {
			isa = PBXGroup;
			children = (
				64471519306D0E050051E8E5 /* Components */,
				64A9344F3075570400A91CF2 /* Navigation */,
			);
			path = Shared;
			sourceTree = "<group>";
		};
/* End PBXGroup section */

/* Begin PBXNativeTarget section */
		000000000000000100000000 /* shukatsulog-app-ios */ = {
			isa = PBXNativeTarget;
			buildConfigurationList = 000000000000000110000000 /* Build configuration list for PBXNativeTarget "shukatsulog-app-ios" */;
			buildPhases = (
				000000000000000120000000 /* Sources */,
				000000000000000130000000 /* Frameworks */,
				000000000000000140000000 /* Resources */,
			);
			buildRules = (
			);
			name = "shukatsulog-app-ios";
			productName = MyApp;
			productReference = 64C5C554306B7B580072D71A /* shukatsulog-app-ios.app */;
			productType = "com.apple.product-type.application";
		};
/* End PBXNativeTarget section */

/* Begin PBXProject section */
		000000000000000000000000 /* Project object */ = {
			isa = PBXProject;
			attributes = {
				BuildIndependentTargetsInParallel = 1;
				LastSwiftUpdateCheck = 2630;
				LastUpgradeCheck = 2700;
				TargetAttributes = {
					000000000000000100000000 = {
						CreatedOnToolsVersion = 26.3;
					};
				};
			};
			buildConfigurationList = 000000000000000010000000 /* Build configuration list for PBXProject "shukatsulog-app-ios" */;
			developmentRegion = en;
			hasScannedForEncodings = 0;
			knownRegions = (
				en,
				Base,
			);
			mainGroup = 000000000000000000000001;
			minimizedProjectReferenceProxies = 1;
			preferredProjectObjectVersion = 90;
			productRefGroup = 000000000000000000000001;
			projectDirPath = "";
			projectRoot = "";
			targets = (
				000000000000000100000000 /* shukatsulog-app-ios */,
			);
		};
/* End PBXProject section */

/* Begin PBXResourcesBuildPhase section */
		000000000000000140000000 /* Resources */ = {
			isa = PBXResourcesBuildPhase;
			files = (
				64C5C553306B7AE40072D71A /* Assets.xcassets in Resources */,
				642EE35E306B71B70064E5B8 /* .gitignore in Resources */,
				64C5C565306B83990072D71A /* swiftgen.yml in Resources */,
			);
		};
/* End PBXResourcesBuildPhase section */

/* Begin PBXSourcesBuildPhase section */
		000000000000000120000000 /* Sources */ = {
			isa = PBXSourcesBuildPhase;
			files = (
				644714FE306CEE860051E8E5 /* UpcomingScheduleListSection.swift in Sources */,
				64A9348930774A0600A91CF2 /* ScheduleTopViewModel.swift in Sources */,
				64471500306CF3AA0051E8E5 /* ToDoListSection.swift in Sources */,
				6447150D306CFC3B0051E8E5 /* QuickActionItem.swift in Sources */,
				64A9347F307749B200A91CF2 /* CompanyTopRoute.swift in Sources */,
				64A93485307749ED00A91CF2 /* ScheduleListSection.swift in Sources */,
				64A934AB307784E800A91CF2 /* UpcomingScheduleScreen.swift in Sources */,
				64A934AD307784FB00A91CF2 /* WeeklyScheduleScreen.swift in Sources */,
				64A9348D30774A1C00A91CF2 /* SelectionTopScreen.swift in Sources */,
				64A93436307555FC00A91CF2 /* AppTabView.swift in Sources */,
				64A93437307555FC00A91CF2 /* ShukatsuLogApp.swift in Sources */,
				64A934A130776ED000A91CF2 /* MyPageTopViewModel.swift in Sources */,
				64A93481307749D100A91CF2 /* ScheduleTopScreen.swift in Sources */,
				64A93483307749DD00A91CF2 /* ScheduleCreateSheet.swift in Sources */,
				64A9349330774A4C00A91CF2 /* SelectionStatusFilterView.swift in Sources */,
				6447151C306D0E050051E8E5 /* AppHeaderView.swift in Sources */,
				64C5C563306B82A60072D71A /* Color+Asset.swift in Sources */,
				64A934A530776EFD00A91CF2 /* AppTheme.swift in Sources */,
				64471508306CFA330051E8E5 /* QuickActionButton.swift in Sources */,
				64A934A330776ED900A91CF2 /* MyPageTopRoute.swift in Sources */,
				64A934A9307784D500A91CF2 /* TodayScheduleScreen.swift in Sources */,
				64A9348F30774A2C00A91CF2 /* SelectionCreateSheet.swift in Sources */,
				64A9346F3077494C00A91CF2 /* HomeHeaderView.swift in Sources */,
				64A934753077497500A91CF2 /* CompanyTopScreen.swift in Sources */,
				64A934523075589700A91CF2 /* AppRoute.swift in Sources */,
				644714F5306CAE730051E8E5 /* HomeTopView.swift in Sources */,
				64A9347B307749A300A91CF2 /* CompanyHeaderView.swift in Sources */,
				64A934773077497F00A91CF2 /* CompanyCreateSheet.swift in Sources */,
				64A9349F30776DA000A91CF2 /* MyPageHeaderView.swift in Sources */,
				644714FC306CEB870051E8E5 /* TodayScheduleListSection.swift in Sources */,
				64A9348B30774A1000A91CF2 /* ScheduleTopRoute.swift in Sources */,
				64A934713077495700A91CF2 /* HomeTopViewModel.swift in Sources */,
				64A9349530774A5100A91CF2 /* SelectionTopViewModel.swift in Sources */,
				64A9349B30776D8600A91CF2 /* ProfiledEditSheet.swift in Sources */,
				649D9CE0306D18730070CCA7 /* TabBarView.swift in Sources */,
				649D9CE1306D18730070CCA7 /* AppTab.swift in Sources */,
				64A934793077498200A91CF2 /* CompanyBasicInfoSection.swift in Sources */,
				64A9349930776D7B00A91CF2 /* MyPageTopScreen.swift in Sources */,
				64A934A73077745400A91CF2 /* HomeTopQuickActionButtonSection.swift in Sources */,
				64A9347D307749B000A91CF2 /* CompanyTopViewModel.swift in Sources */,
				644714D7306B84B00051E8E5 /* Assets.swift in Sources */,
				64A934543075589D00A91CF2 /* AppRouter.swift in Sources */,
				64A93487307749FB00A91CF2 /* ScheduleHeaderView.swift in Sources */,
				64A9349730774A6400A91CF2 /* SelectionTopRoute.swift in Sources */,
				64A93457307558D200A91CF2 /* AppRootView.swift in Sources */,
				64A9349D30776D9300A91CF2 /* ProfileSummarySection.swift in Sources */,
				64A934733077496400A91CF2 /* HomeTopRoute.swift in Sources */,
				64A9349130774A3F00A91CF2 /* SelectionProgressSummarySection.swift in Sources */,
				64C5C55F306B82860072D71A /* Image+Asset.swift in Sources */,
			);
		};
/* End PBXSourcesBuildPhase section */

/* Begin XCBuildConfiguration section */
		000000000000000011000000 /* Debug configuration for PBXProject "shukatsulog-app-ios" */ = {
			isa = XCBuildConfiguration;
			buildSettings = {
				ALWAYS_SEARCH_USER_PATHS = NO;
				APPLETVOS_DEPLOYMENT_TARGET = 27.0;
				ASSETCATALOG_COMPILER_GENERATE_SWIFT_ASSET_SYMBOL_EXTENSIONS = YES;
				CLANG_ANALYZER_NONNULL = YES;
				CLANG_ANALYZER_NUMBER_OBJECT_CONVERSION = YES_AGGRESSIVE;
				CLANG_CXX_LANGUAGE_STANDARD = "gnu++20";
				CLANG_ENABLE_MODULES = YES;
				CLANG_ENABLE_OBJC_ARC = YES;
				CLANG_ENABLE_OBJC_WEAK = YES;
				CLANG_WARN_BLOCK_CAPTURE_AUTORELEASING = YES;
				CLANG_WARN_BOOL_CONVERSION = YES;
				CLANG_WARN_COMMA = YES;
				CLANG_WARN_CONSTANT_CONVERSION = YES;
				CLANG_WARN_DEPRECATED_OBJC_IMPLEMENTATIONS = YES;
				CLANG_WARN_DIRECT_OBJC_ISA_USAGE = YES_ERROR;
				CLANG_WARN_DOCUMENTATION_COMMENTS = YES;
				CLANG_WARN_EMPTY_BODY = YES;
				CLANG_WARN_ENUM_CONVERSION = YES;
				CLANG_WARN_INFINITE_RECURSION = YES;
				CLANG_WARN_INT_CONVERSION = YES;
				CLANG_WARN_NON_LITERAL_NULL_CONVERSION = YES;
				CLANG_WARN_OBJC_IMPLICIT_RETAIN_SELF = YES;
				CLANG_WARN_OBJC_LITERAL_CONVERSION = YES;
				CLANG_WARN_OBJC_ROOT_CLASS = YES_ERROR;
				CLANG_WARN_QUOTED_INCLUDE_IN_FRAMEWORK_HEADER = YES;
				CLANG_WARN_RANGE_LOOP_ANALYSIS = YES;
				CLANG_WARN_STRICT_PROTOTYPES = YES;
				CLANG_WARN_SUSPICIOUS_MOVE = YES;
				CLANG_WARN_UNGUARDED_AVAILABILITY = YES_AGGRESSIVE;
				CLANG_WARN_UNREACHABLE_CODE = YES;
				CLANG_WARN__DUPLICATE_METHOD_MATCH = YES;
				COPY_PHASE_STRIP = NO;
				DEAD_CODE_STRIPPING = YES;
				DEBUG_INFORMATION_FORMAT = dwarf;
				DRIVERKIT_DEPLOYMENT_TARGET = 27.0;
				ENABLE_STRICT_OBJC_MSGSEND = YES;
				ENABLE_TESTABILITY = YES;
				ENABLE_USER_SCRIPT_SANDBOXING = YES;
				GCC_C_LANGUAGE_STANDARD = gnu17;
				GCC_DYNAMIC_NO_PIC = NO;
				GCC_NO_COMMON_BLOCKS = YES;
				GCC_OPTIMIZATION_LEVEL = 0;
				GCC_PREPROCESSOR_DEFINITIONS = (
					"DEBUG=1",
					"$(inherited)",
				);
				GCC_WARN_64_TO_32_BIT_CONVERSION = YES;
				GCC_WARN_ABOUT_RETURN_TYPE = YES_ERROR;
				GCC_WARN_UNDECLARED_SELECTOR = YES;
				GCC_WARN_UNINITIALIZED_AUTOS = YES_AGGRESSIVE;
				GCC_WARN_UNUSED_FUNCTION = YES;
				GCC_WARN_UNUSED_VARIABLE = YES;
				IPHONEOS_DEPLOYMENT_TARGET = 27.0;
				LOCALIZATION_PREFERS_STRING_CATALOGS = YES;
				MACOSX_DEPLOYMENT_TARGET = 26.6.2;
				MTL_ENABLE_DEBUG_INFO = INCLUDE_SOURCE;
				MTL_FAST_MATH = YES;
				ONLY_ACTIVE_ARCH = YES;
				PROJECT_UNIQUE_VALUE = F384R7LF;
				STRING_CATALOG_GENERATE_SYMBOLS = YES;
				SWIFT_ACTIVE_COMPILATION_CONDITIONS = "DEBUG $(inherited)";
				SWIFT_OPTIMIZATION_LEVEL = "-Onone";
				WATCHOS_DEPLOYMENT_TARGET = 27.0;
				XROS_DEPLOYMENT_TARGET = 27.0;
			};
			name = Debug;
		};
		000000000000000012000000 /* Release configuration for PBXProject "shukatsulog-app-ios" */ = {
			isa = XCBuildConfiguration;
			buildSettings = {
				ALWAYS_SEARCH_USER_PATHS = NO;
				APPLETVOS_DEPLOYMENT_TARGET = 27.0;
				ASSETCATALOG_COMPILER_GENERATE_SWIFT_ASSET_SYMBOL_EXTENSIONS = YES;
				CLANG_ANALYZER_NONNULL = YES;
				CLANG_ANALYZER_NUMBER_OBJECT_CONVERSION = YES_AGGRESSIVE;
				CLANG_CXX_LANGUAGE_STANDARD = "gnu++20";
				CLANG_ENABLE_MODULES = YES;
				CLANG_ENABLE_OBJC_ARC = YES;
				CLANG_ENABLE_OBJC_WEAK = YES;
				CLANG_WARN_BLOCK_CAPTURE_AUTORELEASING = YES;
				CLANG_WARN_BOOL_CONVERSION = YES;
				CLANG_WARN_COMMA = YES;
				CLANG_WARN_CONSTANT_CONVERSION = YES;
				CLANG_WARN_DEPRECATED_OBJC_IMPLEMENTATIONS = YES;
				CLANG_WARN_DIRECT_OBJC_ISA_USAGE = YES_ERROR;
				CLANG_WARN_DOCUMENTATION_COMMENTS = YES;
				CLANG_WARN_EMPTY_BODY = YES;
				CLANG_WARN_ENUM_CONVERSION = YES;
				CLANG_WARN_INFINITE_RECURSION = YES;
				CLANG_WARN_INT_CONVERSION = YES;
				CLANG_WARN_NON_LITERAL_NULL_CONVERSION = YES;
				CLANG_WARN_OBJC_IMPLICIT_RETAIN_SELF = YES;
				CLANG_WARN_OBJC_LITERAL_CONVERSION = YES;
				CLANG_WARN_OBJC_ROOT_CLASS = YES_ERROR;
				CLANG_WARN_QUOTED_INCLUDE_IN_FRAMEWORK_HEADER = YES;
				CLANG_WARN_RANGE_LOOP_ANALYSIS = YES;
				CLANG_WARN_STRICT_PROTOTYPES = YES;
				CLANG_WARN_SUSPICIOUS_MOVE = YES;
				CLANG_WARN_UNGUARDED_AVAILABILITY = YES_AGGRESSIVE;
				CLANG_WARN_UNREACHABLE_CODE = YES;
				CLANG_WARN__DUPLICATE_METHOD_MATCH = YES;
				COPY_PHASE_STRIP = NO;
				DEAD_CODE_STRIPPING = YES;
				DEBUG_INFORMATION_FORMAT = "dwarf-with-dsym";
				DRIVERKIT_DEPLOYMENT_TARGET = 27.0;
				ENABLE_NS_ASSERTIONS = NO;
				ENABLE_STRICT_OBJC_MSGSEND = YES;
				ENABLE_USER_SCRIPT_SANDBOXING = YES;
				GCC_C_LANGUAGE_STANDARD = gnu17;
				GCC_NO_COMMON_BLOCKS = YES;
				GCC_WARN_64_TO_32_BIT_CONVERSION = YES;
				GCC_WARN_ABOUT_RETURN_TYPE = YES_ERROR;
				GCC_WARN_UNDECLARED_SELECTOR = YES;
				GCC_WARN_UNINITIALIZED_AUTOS = YES_AGGRESSIVE;
				GCC_WARN_UNUSED_FUNCTION = YES;
				GCC_WARN_UNUSED_VARIABLE = YES;
				IPHONEOS_DEPLOYMENT_TARGET = 27.0;
				LOCALIZATION_PREFERS_STRING_CATALOGS = YES;
				MACOSX_DEPLOYMENT_TARGET = 26.6.2;
				MTL_ENABLE_DEBUG_INFO = NO;
				MTL_FAST_MATH = YES;
				PROJECT_UNIQUE_VALUE = F384R7LF;
				STRING_CATALOG_GENERATE_SYMBOLS = YES;
				SWIFT_COMPILATION_MODE = wholemodule;
				WATCHOS_DEPLOYMENT_TARGET = 27.0;
				XROS_DEPLOYMENT_TARGET = 27.0;
			};
			name = Release;
		};
		000000000000000111000000 /* Debug configuration for PBXNativeTarget "shukatsulog-app-ios" */ = {
			isa = XCBuildConfiguration;
			buildSettings = {
				ASSETCATALOG_COMPILER_APPICON_NAME = AppIcon;
				ASSETCATALOG_COMPILER_INCLUDE_ALL_APPICON_ASSETS = YES;
				CODE_SIGN_STYLE = Automatic;
				CURRENT_PROJECT_VERSION = 1;
				DEVELOPMENT_TEAM = QU5MY7WAK3;
				ENABLE_APP_SANDBOX = YES;
				ENABLE_PREVIEWS = YES;
				ENABLE_USER_SELECTED_FILES = readonly;
				GENERATE_INFOPLIST_FILE = YES;
				INFOPLIST_KEY_CFBundleDisplayName = "就活ログ";
				INFOPLIST_KEY_LSApplicationCategoryType = "public.app-category.lifestyle";
				"INFOPLIST_KEY_UIApplicationSceneManifest_Generation[sdk=iphoneos*]" = YES;
				"INFOPLIST_KEY_UIApplicationSceneManifest_Generation[sdk=iphonesimulator*]" = YES;
				"INFOPLIST_KEY_UIApplicationSupportsIndirectInputEvents[sdk=iphoneos*]" = YES;
				"INFOPLIST_KEY_UIApplicationSupportsIndirectInputEvents[sdk=iphonesimulator*]" = YES;
				"INFOPLIST_KEY_UILaunchScreen_Generation[sdk=iphoneos*]" = YES;
				"INFOPLIST_KEY_UILaunchScreen_Generation[sdk=iphonesimulator*]" = YES;
				"INFOPLIST_KEY_UIStatusBarStyle[sdk=iphoneos*]" = UIStatusBarStyleDefault;
				"INFOPLIST_KEY_UIStatusBarStyle[sdk=iphonesimulator*]" = UIStatusBarStyleDefault;
				INFOPLIST_KEY_UISupportedInterfaceOrientations_iPad = "UIInterfaceOrientationPortrait UIInterfaceOrientationPortraitUpsideDown UIInterfaceOrientationLandscapeLeft UIInterfaceOrientationLandscapeRight";
				INFOPLIST_KEY_UISupportedInterfaceOrientations_iPhone = "UIInterfaceOrientationPortrait UIInterfaceOrientationLandscapeLeft UIInterfaceOrientationLandscapeRight";
				IPHONEOS_DEPLOYMENT_TARGET = 17.6;
				LD_RUNPATH_SEARCH_PATHS = "@executable_path/Frameworks";
				"LD_RUNPATH_SEARCH_PATHS[sdk=macosx*]" = "@executable_path/../Frameworks";
				MACOSX_DEPLOYMENT_TARGET = 14.6;
				MARKETING_VERSION = 1.0;
				PRODUCT_BUNDLE_IDENTIFIER = "devplaceholder.$(PROJECT_UNIQUE_VALUE:identifier).$(PRODUCT_NAME:rfc1034identifier)";
				PRODUCT_NAME = "$(TARGET_NAME)";
				REGISTER_APP_GROUPS = YES;
				SDKROOT = auto;
				STRING_CATALOG_GENERATE_SYMBOLS = YES;
				SUPPORTED_PLATFORMS = "iphoneos iphonesimulator macosx xros xrsimulator";
				SWIFT_APPROACHABLE_CONCURRENCY = YES;
				SWIFT_DEFAULT_ACTOR_ISOLATION = MainActor;
				SWIFT_EMIT_LOC_STRINGS = YES;
				SWIFT_UPCOMING_FEATURE_MEMBER_IMPORT_VISIBILITY = YES;
				SWIFT_VERSION = 5.0;
				TARGETED_DEVICE_FAMILY = "1,2,7";
				XROS_DEPLOYMENT_TARGET = 27.0;
			};
			name = Debug;
		};
		000000000000000112000000 /* Release configuration for PBXNativeTarget "shukatsulog-app-ios" */ = {
			isa = XCBuildConfiguration;
			buildSettings = {
				ASSETCATALOG_COMPILER_APPICON_NAME = AppIcon;
				ASSETCATALOG_COMPILER_INCLUDE_ALL_APPICON_ASSETS = YES;
				CODE_SIGN_STYLE = Automatic;
				CURRENT_PROJECT_VERSION = 1;
				DEVELOPMENT_TEAM = QU5MY7WAK3;
				ENABLE_APP_SANDBOX = YES;
				ENABLE_PREVIEWS = YES;
				ENABLE_USER_SELECTED_FILES = readonly;
				GENERATE_INFOPLIST_FILE = YES;
				INFOPLIST_KEY_CFBundleDisplayName = "就活ログ";
				INFOPLIST_KEY_LSApplicationCategoryType = "public.app-category.lifestyle";
				"INFOPLIST_KEY_UIApplicationSceneManifest_Generation[sdk=iphoneos*]" = YES;
				"INFOPLIST_KEY_UIApplicationSceneManifest_Generation[sdk=iphonesimulator*]" = YES;
				"INFOPLIST_KEY_UIApplicationSupportsIndirectInputEvents[sdk=iphoneos*]" = YES;
				"INFOPLIST_KEY_UIApplicationSupportsIndirectInputEvents[sdk=iphonesimulator*]" = YES;
				"INFOPLIST_KEY_UILaunchScreen_Generation[sdk=iphoneos*]" = YES;
				"INFOPLIST_KEY_UILaunchScreen_Generation[sdk=iphonesimulator*]" = YES;
				"INFOPLIST_KEY_UIStatusBarStyle[sdk=iphoneos*]" = UIStatusBarStyleDefault;
				"INFOPLIST_KEY_UIStatusBarStyle[sdk=iphonesimulator*]" = UIStatusBarStyleDefault;
				INFOPLIST_KEY_UISupportedInterfaceOrientations_iPad = "UIInterfaceOrientationPortrait UIInterfaceOrientationPortraitUpsideDown UIInterfaceOrientationLandscapeLeft UIInterfaceOrientationLandscapeRight";
				INFOPLIST_KEY_UISupportedInterfaceOrientations_iPhone = "UIInterfaceOrientationPortrait UIInterfaceOrientationLandscapeLeft UIInterfaceOrientationLandscapeRight";
				IPHONEOS_DEPLOYMENT_TARGET = 17.6;
				LD_RUNPATH_SEARCH_PATHS = "@executable_path/Frameworks";
				"LD_RUNPATH_SEARCH_PATHS[sdk=macosx*]" = "@executable_path/../Frameworks";
				MACOSX_DEPLOYMENT_TARGET = 14.6;
				MARKETING_VERSION = 1.0;
				PRODUCT_BUNDLE_IDENTIFIER = "devplaceholder.$(PROJECT_UNIQUE_VALUE:identifier).$(PRODUCT_NAME:rfc1034identifier)";
				PRODUCT_NAME = "$(TARGET_NAME)";
				REGISTER_APP_GROUPS = YES;
				SDKROOT = auto;
				STRING_CATALOG_GENERATE_SYMBOLS = YES;
				SUPPORTED_PLATFORMS = "iphoneos iphonesimulator macosx xros xrsimulator";
				SWIFT_APPROACHABLE_CONCURRENCY = YES;
				SWIFT_DEFAULT_ACTOR_ISOLATION = MainActor;
				SWIFT_EMIT_LOC_STRINGS = YES;
				SWIFT_UPCOMING_FEATURE_MEMBER_IMPORT_VISIBILITY = YES;
				SWIFT_VERSION = 5.0;
				TARGETED_DEVICE_FAMILY = "1,2,7";
				XROS_DEPLOYMENT_TARGET = 27.0;
			};
			name = Release;
		};
/* End XCBuildConfiguration section */

/* Begin XCConfigurationList section */
		000000000000000010000000 /* Build configuration list for PBXProject "shukatsulog-app-ios" */ = {
			isa = XCConfigurationList;
			buildConfigurations = (
				000000000000000011000000 /* Debug configuration for PBXProject "shukatsulog-app-ios" */,
				000000000000000012000000 /* Release configuration for PBXProject "shukatsulog-app-ios" */,
			);
			defaultConfigurationName = Release;
		};
		000000000000000110000000 /* Build configuration list for PBXNativeTarget "shukatsulog-app-ios" */ = {
			isa = XCConfigurationList;
			buildConfigurations = (
				000000000000000111000000 /* Debug configuration for PBXNativeTarget "shukatsulog-app-ios" */,
				000000000000000112000000 /* Release configuration for PBXNativeTarget "shukatsulog-app-ios" */,
			);
			defaultConfigurationName = Release;
		};
/* End XCConfigurationList section */
	};
	rootObject = 000000000000000000000000 /* Project object */;
}
